{
  "name": "tutkain",
  "version": "0.0.1",
  "lockfileVersion": 3,
  "requires": true,
  "packages": {
    "": {
      "name": "tutkain",
      "version": "0.0.1",
      "license": "MIT",
      "dependencies": {
        "iso8601-js-period": "^0.2.1",
        "jquery": "^3.5.1",
        "leaflet": "^1.5.1",
        "leaflet-search": "^2.7.0",
        "leaflet-sidebar": "^0.2.0",
        "leaflet-spin": "^1.1.0",
        "leaflet-timedimension": "^1.1.0",
        "leaflet.locatecontrol": "^0.72.0",
        "moment": "^2.24.0"
      }
    },
    "node_modules/iso8601-js-period": {
      "version": "0.2.1",
      "resolved": "https://registry.npmjs.org/iso8601-js-period/-/iso8601-js-period-0.2.1.tgz",
      "integrity": "sha512-iDyz2TQFBd5WhCZjruOwHj01JkQGu7YbVLCVdpA7lCGEcBzE3ffCPAhLh/M8TAp//kCixPpYN4XU54WHCxvD2Q=="
    },
    "node_modules/jquery": {
      "version": "3.5.1",
      "resolved": "https://registry.npmjs.org/jquery/-/jquery-3.5.1.tgz",
      "integrity": "sha512-XwIBPqcMn57FxfT+Go5pzySnm4KWkT1Tv7gjrpT1srtf8Weynl6R273VJ5GjkRb51IzMp5nbaPjJXMWeju2MKg=="
    },
    "node_modules/leaflet": {
      "version": "1.5.1",
      "resolved": "https://registry.npmjs.org/leaflet/-/leaflet-1.5.1.tgz",
      "integrity": "sha512-ekM9KAeG99tYisNBg0IzEywAlp0hYI5XRipsqRXyRTeuU8jcuntilpp+eFf5gaE0xubc9RuSNIVtByEKwqFV0w=="
    },
    "node_modules/leaflet-search": {
      "version": "2.9.11",
      "resolved": "https://registry.npmjs.org/leaflet-search/-/leaflet-search-2.9.11.tgz",
      "integrity": "sha512-Tsp2rbd4SyBTaSJ2hGk/hdSzTLWlaehVDx0nQta4Ih9MjajxAWoizGB9RTMSFNnXYvqSRwWL8udLZXc83j5ivA==",
      "license": "MIT",
      "dependencies": {
        "leaflet": "*"
      }
    },
    "node_modules/leaflet-sidebar": {
      "version": "0.2.0",
      "resolved": "https://registry.npmjs.org/leaflet-sidebar/-/leaflet-sidebar-0.2.0.tgz",
      "integrity": "sha1-Ezwds13W1RpgLY5i26m8WwZuVFo="
    },
    "node_modules/leaflet-spin": {
      "version": "1.1.2",
      "resolved": "https://registry.npmjs.org/leaflet-spin/-/leaflet-spin-1.1.2.tgz",
      "integrity": "sha512-OLpeDrrAv1YY8NVSnOP0YfICFFm+IFauL77erXH87ZiTIXl3aPwUJXOd336DrQCe4aFsY+F3oG/1+aXyjqKV2w==",
      "dependencies": {
        "spin.js": "^2.3.1"
      },
      "peerDependencies": {
        "leaflet": "<=1"
      }
    },
    "node_modules/leaflet-timedimension": {
      "version": "1.1.0",
      "resolved": "https://registry.npmjs.org/leaflet-timedimension/-/leaflet-timedimension-1.1.0.tgz",
      "integrity": "sha1-nuy9+SZqLvFKzoKC2x0b/VsVEAY=",
      "dependencies": {
        "iso8601-js-period": "0.2.0",
        "leaflet": "~0.7.4 || ~1.0.0"
      }
    },
    "node_modules/leaflet-timedimension/node_modules/iso8601-js-period": {
      "version": "0.2.0",
      "resolved": "https://registry.npmjs.org/iso8601-js-period/-/iso8601-js-period-0.2.0.tgz",
      "integrity": "sha1-5XQP1OcguWCoXraF/CBSAWIcAYw="
    },
    "node_modules/leaflet-timedimension/node_modules/leaflet": {
      "version": "1.0.3",
      "resolved": "https://registry.npmjs.org/leaflet/-/leaflet-1.0.3.tgz",
      "integrity": "sha1-H0AbmLRcgZITTGyNaWhiU4BQB8g="
    },
    "node_modules/leaflet.locatecontrol": {
      "version": "0.72.0",
      "resolved": "https://registry.npmjs.org/leaflet.locatecontrol/-/leaflet.locatecontrol-0.72.0.tgz",
      "integrity": "sha512-enAf10UG9Z1bV0siTP/+vG/ZVncDqSA3V8c6iZ3s6KWL5Ngkk4A4mk9Ssefj46ey98I9HSYWqoS+k2Y7EaKjwQ=="
    },
    "node_modules/moment": {
      "version": "2.30.1",
      "resolved": "https://registry.npmjs.org/moment/-/moment-2.30.1.tgz",
      "integrity": "sha512-uEmtNhbDOrWPFS+hdjFCBfy9f2YoyzRpwcl+DqpC6taX21FzsTLQVbMV/W7PzNSX6x/bhC1zA3c2UQ5NzH6how==",
      "license": "MIT",
      "engines": {
        "node": "*"
      }
    },
    "node_modules/spin.js": {
      "version": "2.3.2",
      "resolved": "https://registry.npmjs.org/spin.js/-/spin.js-2.3.2.tgz",
      "integrity": "sha1-bKpW1SBnNFD9XPvGlx5tB3LDeho="
    }
  }
}
